# This file is automatically @generated by Cargo.
# It is not intended for manual editing.
version = 3

[[package]]
name = "ports"
version = "0.4.1"
dependencies = [
 "verynicetable",
]

[[package]]
name = "verynicetable"
version = "0.1.0"
source = "registry+https://github.com/rust-lang/crates.io-index"
checksum = "6a52cee90adba875f190982d6dcc3424159685089a6539bf2892fdeb7679e793"
