# This file is automatically @generated by Cargo.
# It is not intended for manual editing.
version = 4

[[package]]
name = "lessify"
version = "0.6.0"
source = "registry+https://github.com/rust-lang/crates.io-index"
checksum = "76f085128bedce805586967170ca915ac639b52cf67b508ac898e8207cc88216"

[[package]]
name = "ports"
version = "0.9.0"
dependencies = [
 "lessify",
 "verynicetable",
]

[[package]]
name = "verynicetable"
version = "0.6.3"
source = "registry+https://github.com/rust-lang/crates.io-index"
checksum = "0e5728ef1bf8676a2a111d16a435a37516efef92359d0235a7e1c48eab7cb763"
